
Microsoft Visual Studio Solution File, Format Version 12.00
# Visual Studio Version 17
VisualStudioVersion = 17.5.002.0
MinimumVisualStudioVersion = 10.0.40219.1
Project("{2150E333-8FDC-42A3-9474-1A3956D46DE8}") = "back", "back", "{6308AEEB-4878-4397-B82C-A9A595DD0105}"
EndProject
Project("{2150E333-8FDC-42A3-9474-1A3956D46DE8}") = "microservices", "microservices", "{92FE3E78-0BD6-4F55-BCFC-2D673B7CB52B}"
EndProject
Project("{9A19103F-16F7-4668-BE54-9A1E7A4F7556}") = "products", "back\microservices\products\products.csproj", "{9EB933F0-8CE8-4F87-93E6-C8AFA30C1F6E}"
EndProject
Global
	GlobalSection(SolutionConfigurationPlatforms) = preSolution
		Debug|Any CPU = Debug|Any CPU
		Release|Any CPU = Release|Any CPU
	EndGlobalSection
	GlobalSection(ProjectConfigurationPlatforms) = postSolution
		{9EB933F0-8CE8-4F87-93E6-C8AFA30C1F6E}.Debug|Any CPU.ActiveCfg = Debug|Any CPU
		{9EB933F0-8CE8-4F87-93E6-C8AFA30C1F6E}.Debug|Any CPU.Build.0 = Debug|Any CPU
		{9EB933F0-8CE8-4F87-93E6-C8AFA30C1F6E}.Release|Any CPU.ActiveCfg = Release|Any CPU
		{9EB933F0-8CE8-4F87-93E6-C8AFA30C1F6E}.Release|Any CPU.Build.0 = Release|Any CPU
	EndGlobalSection
	GlobalSection(SolutionProperties) = preSolution
		HideSolutionNode = FALSE
	EndGlobalSection
	GlobalSection(NestedProjects) = preSolution
		{92FE3E78-0BD6-4F55-BCFC-2D673B7CB52B} = {6308AEEB-4878-4397-B82C-A9A595DD0105}
		{9EB933F0-8CE8-4F87-93E6-C8AFA30C1F6E} = {92FE3E78-0BD6-4F55-BCFC-2D673B7CB52B}
	EndGlobalSection
	GlobalSection(ExtensibilityGlobals) = postSolution
		SolutionGuid = {DCB6C12B-D95C-4412-959D-A14525F62793}
	EndGlobalSection
EndGlobal
